
Microsoft Visual Studio Solution File, Format Version 12.00
# Visual Studio Version 17
VisualStudioVersion = 17.2.32630.192
MinimumVisualStudioVersion = 10.0.40219.1
Project("{F184B08F-C81C-45F6-A57F-5ABD9991F28F}") = "VB2_add", "VB2_add\VB2_add.vbproj", "{8B9B540B-1779-431E-984B-59D4CC6808A6}"
EndProject
Global
	GlobalSection(SolutionConfigurationPlatforms) = preSolution
		Debug|Any CPU = Debug|Any CPU
		Release|Any CPU = Release|Any CPU
	EndGlobalSection
	GlobalSection(ProjectConfigurationPlatforms) = postSolution
		{8B9B540B-1779-431E-984B-59D4CC6808A6}.Debug|Any CPU.ActiveCfg = Debug|Any CPU
		{8B9B540B-1779-431E-984B-59D4CC6808A6}.Debug|Any CPU.Build.0 = Debug|Any CPU
		{8B9B540B-1779-431E-984B-59D4CC6808A6}.Release|Any CPU.ActiveCfg = Release|Any CPU
		{8B9B540B-1779-431E-984B-59D4CC6808A6}.Release|Any CPU.Build.0 = Release|Any CPU
	EndGlobalSection
	GlobalSection(SolutionProperties) = preSolution
		HideSolutionNode = FALSE
	EndGlobalSection
	GlobalSection(ExtensibilityGlobals) = postSolution
		SolutionGuid = {EB2C863E-07B6-44FF-8175-7B298D52B2F4}
	EndGlobalSection
EndGlobal
